
Microsoft Visual Studio Solution File, Format Version 12.00
# Visual Studio Version 16
VisualStudioVersion = 16.0.30114.105
MinimumVisualStudioVersion = 10.0.40219.1
Project("{FAE04EC0-301F-11D3-BF4B-00C04F79EFBC}") = "DuyuruProjesi.Core", "DuyuruProjesi.Core\DuyuruProjesi.Core.csproj", "{1F739860-F77F-4FF8-86F3-D56F744BB6E7}"
EndProject
Project("{FAE04EC0-301F-11D3-BF4B-00C04F79EFBC}") = "DuyuruProjesi.Data", "DuyuruProjesi.Data\DuyuruProjesi.Data.csproj", "{1060111D-DCAE-406C-8046-1A29954B9583}"
EndProject
Project("{FAE04EC0-301F-11D3-BF4B-00C04F79EFBC}") = "DuyuruProjesi.Service", "DuyuruProjesi.Service\DuyuruProjesi.Service.csproj", "{E2FD9A28-E490-4236-B50D-7688838887A3}"
EndProject
Global
	GlobalSection(SolutionConfigurationPlatforms) = preSolution
		Debug|Any CPU = Debug|Any CPU
		Debug|x64 = Debug|x64
		Debug|x86 = Debug|x86
		Release|Any CPU = Release|Any CPU
		Release|x64 = Release|x64
		Release|x86 = Release|x86
	EndGlobalSection
	GlobalSection(SolutionProperties) = preSolution
		HideSolutionNode = FALSE
	EndGlobalSection
	GlobalSection(ProjectConfigurationPlatforms) = postSolution
		{1F739860-F77F-4FF8-86F3-D56F744BB6E7}.Debug|Any CPU.ActiveCfg = Debug|Any CPU
		{1F739860-F77F-4FF8-86F3-D56F744BB6E7}.Debug|Any CPU.Build.0 = Debug|Any CPU
		{1F739860-F77F-4FF8-86F3-D56F744BB6E7}.Debug|x64.ActiveCfg = Debug|Any CPU
		{1F739860-F77F-4FF8-86F3-D56F744BB6E7}.Debug|x64.Build.0 = Debug|Any CPU
		{1F739860-F77F-4FF8-86F3-D56F744BB6E7}.Debug|x86.ActiveCfg = Debug|Any CPU
		{1F739860-F77F-4FF8-86F3-D56F744BB6E7}.Debug|x86.Build.0 = Debug|Any CPU
		{1F739860-F77F-4FF8-86F3-D56F744BB6E7}.Release|Any CPU.ActiveCfg = Release|Any CPU
		{1F739860-F77F-4FF8-86F3-D56F744BB6E7}.Release|Any CPU.Build.0 = Release|Any CPU
		{1F739860-F77F-4FF8-86F3-D56F744BB6E7}.Release|x64.ActiveCfg = Release|Any CPU
		{1F739860-F77F-4FF8-86F3-D56F744BB6E7}.Release|x64.Build.0 = Release|Any CPU
		{1F739860-F77F-4FF8-86F3-D56F744BB6E7}.Release|x86.ActiveCfg = Release|Any CPU
		{1F739860-F77F-4FF8-86F3-D56F744BB6E7}.Release|x86.Build.0 = Release|Any CPU
		{1060111D-DCAE-406C-8046-1A29954B9583}.Debug|Any CPU.ActiveCfg = Debug|Any CPU
		{1060111D-DCAE-406C-8046-1A29954B9583}.Debug|Any CPU.Build.0 = Debug|Any CPU
		{1060111D-DCAE-406C-8046-1A29954B9583}.Debug|x64.ActiveCfg = Debug|Any CPU
		{1060111D-DCAE-406C-8046-1A29954B9583}.Debug|x64.Build.0 = Debug|Any CPU
		{1060111D-DCAE-406C-8046-1A29954B9583}.Debug|x86.ActiveCfg = Debug|Any CPU
		{1060111D-DCAE-406C-8046-1A29954B9583}.Debug|x86.Build.0 = Debug|Any CPU
		{1060111D-DCAE-406C-8046-1A29954B9583}.Release|Any CPU.ActiveCfg = Release|Any CPU
		{1060111D-DCAE-406C-8046-1A29954B9583}.Release|Any CPU.Build.0 = Release|Any CPU
		{1060111D-DCAE-406C-8046-1A29954B9583}.Release|x64.ActiveCfg = Release|Any CPU
		{1060111D-DCAE-406C-8046-1A29954B9583}.Release|x64.Build.0 = Release|Any CPU
		{1060111D-DCAE-406C-8046-1A29954B9583}.Release|x86.ActiveCfg = Release|Any CPU
		{1060111D-DCAE-406C-8046-1A29954B9583}.Release|x86.Build.0 = Release|Any CPU
		{E2FD9A28-E490-4236-B50D-7688838887A3}.Debug|Any CPU.ActiveCfg = Debug|Any CPU
		{E2FD9A28-E490-4236-B50D-7688838887A3}.Debug|Any CPU.Build.0 = Debug|Any CPU
		{E2FD9A28-E490-4236-B50D-7688838887A3}.Debug|x64.ActiveCfg = Debug|Any CPU
		{E2FD9A28-E490-4236-B50D-7688838887A3}.Debug|x64.Build.0 = Debug|Any CPU
		{E2FD9A28-E490-4236-B50D-7688838887A3}.Debug|x86.ActiveCfg = Debug|Any CPU
		{E2FD9A28-E490-4236-B50D-7688838887A3}.Debug|x86.Build.0 = Debug|Any CPU
		{E2FD9A28-E490-4236-B50D-7688838887A3}.Release|Any CPU.ActiveCfg = Release|Any CPU
		{E2FD9A28-E490-4236-B50D-7688838887A3}.Release|Any CPU.Build.0 = Release|Any CPU
		{E2FD9A28-E490-4236-B50D-7688838887A3}.Release|x64.ActiveCfg = Release|Any CPU
		{E2FD9A28-E490-4236-B50D-7688838887A3}.Release|x64.Build.0 = Release|Any CPU
		{E2FD9A28-E490-4236-B50D-7688838887A3}.Release|x86.ActiveCfg = Release|Any CPU
		{E2FD9A28-E490-4236-B50D-7688838887A3}.Release|x86.Build.0 = Release|Any CPU
	EndGlobalSection
EndGlobal
